
Microsoft Visual Studio Solution File, Format Version 12.00
# Visual Studio Version 17
VisualStudioVersion = 17.1.32319.34
MinimumVisualStudioVersion = 10.0.40219.1
Project("{FAE04EC0-301F-11D3-BF4B-00C04F79EFBC}") = "BlazorAppNet5.Server", "BlazorAppNet5\Server\BlazorAppNet5.Server.csproj", "{04865668-1ED7-4240-8088-C81D0A3E217A}"
EndProject
Project("{FAE04EC0-301F-11D3-BF4B-00C04F79EFBC}") = "BlazorAppNet5.Client", "BlazorAppNet5\Client\BlazorAppNet5.Client.csproj", "{C9A4FE30-C79A-4CA9-8773-EA4650454D2D}"
EndProject
Project("{FAE04EC0-301F-11D3-BF4B-00C04F79EFBC}") = "BlazorAppNet5.Shared", "BlazorAppNet5\Shared\BlazorAppNet5.Shared.csproj", "{85F41CD7-1F08-409C-A5A3-A5AD548EB95A}"
EndProject
Project("{FAE04EC0-301F-11D3-BF4B-00C04F79EFBC}") = "Model", "Model\Model.csproj", "{1D462DF3-74CD-4C9A-8785-39B30908AC99}"
EndProject
Global
	GlobalSection(SolutionConfigurationPlatforms) = preSolution
		Debug|Any CPU = Debug|Any CPU
		Release|Any CPU = Release|Any CPU
	EndGlobalSection
	GlobalSection(ProjectConfigurationPlatforms) = postSolution
		{04865668-1ED7-4240-8088-C81D0A3E217A}.Debug|Any CPU.ActiveCfg = Debug|Any CPU
		{04865668-1ED7-4240-8088-C81D0A3E217A}.Debug|Any CPU.Build.0 = Debug|Any CPU
		{04865668-1ED7-4240-8088-C81D0A3E217A}.Release|Any CPU.ActiveCfg = Release|Any CPU
		{04865668-1ED7-4240-8088-C81D0A3E217A}.Release|Any CPU.Build.0 = Release|Any CPU
		{C9A4FE30-C79A-4CA9-8773-EA4650454D2D}.Debug|Any CPU.ActiveCfg = Debug|Any CPU
		{C9A4FE30-C79A-4CA9-8773-EA4650454D2D}.Debug|Any CPU.Build.0 = Debug|Any CPU
		{C9A4FE30-C79A-4CA9-8773-EA4650454D2D}.Release|Any CPU.ActiveCfg = Release|Any CPU
		{C9A4FE30-C79A-4CA9-8773-EA4650454D2D}.Release|Any CPU.Build.0 = Release|Any CPU
		{85F41CD7-1F08-409C-A5A3-A5AD548EB95A}.Debug|Any CPU.ActiveCfg = Debug|Any CPU
		{85F41CD7-1F08-409C-A5A3-A5AD548EB95A}.Debug|Any CPU.Build.0 = Debug|Any CPU
		{85F41CD7-1F08-409C-A5A3-A5AD548EB95A}.Release|Any CPU.ActiveCfg = Release|Any CPU
		{85F41CD7-1F08-409C-A5A3-A5AD548EB95A}.Release|Any CPU.Build.0 = Release|Any CPU
		{1D462DF3-74CD-4C9A-8785-39B30908AC99}.Debug|Any CPU.ActiveCfg = Debug|Any CPU
		{1D462DF3-74CD-4C9A-8785-39B30908AC99}.Debug|Any CPU.Build.0 = Debug|Any CPU
		{1D462DF3-74CD-4C9A-8785-39B30908AC99}.Release|Any CPU.ActiveCfg = Release|Any CPU
		{1D462DF3-74CD-4C9A-8785-39B30908AC99}.Release|Any CPU.Build.0 = Release|Any CPU
	EndGlobalSection
	GlobalSection(SolutionProperties) = preSolution
		HideSolutionNode = FALSE
	EndGlobalSection
	GlobalSection(ExtensibilityGlobals) = postSolution
		SolutionGuid = {0851DCF6-DBDE-48B9-9148-58D7E80DC9E4}
	EndGlobalSection
EndGlobal
