
Microsoft Visual Studio Solution File, Format Version 12.00
# Visual Studio Version 17
VisualStudioVersion = 17.1.32319.34
MinimumVisualStudioVersion = 10.0.40219.1
Project("{FAE04EC0-301F-11D3-BF4B-00C04F79EFBC}") = "eShopWeb", "eShopWeb\eShopWeb.csproj", "{59D5CD3B-EE0F-4C20-95CA-650E1887515B}"
EndProject
Global
	GlobalSection(SolutionConfigurationPlatforms) = preSolution
		Debug|Any CPU = Debug|Any CPU
		Release|Any CPU = Release|Any CPU
	EndGlobalSection
	GlobalSection(ProjectConfigurationPlatforms) = postSolution
		{59D5CD3B-EE0F-4C20-95CA-650E1887515B}.Debug|Any CPU.ActiveCfg = Debug|Any CPU
		{59D5CD3B-EE0F-4C20-95CA-650E1887515B}.Debug|Any CPU.Build.0 = Debug|Any CPU
		{59D5CD3B-EE0F-4C20-95CA-650E1887515B}.Release|Any CPU.ActiveCfg = Release|Any CPU
		{59D5CD3B-EE0F-4C20-95CA-650E1887515B}.Release|Any CPU.Build.0 = Release|Any CPU
	EndGlobalSection
	GlobalSection(SolutionProperties) = preSolution
		HideSolutionNode = FALSE
	EndGlobalSection
	GlobalSection(ExtensibilityGlobals) = postSolution
		SolutionGuid = {85D98CDF-3168-41A7-B7FE-E42439CA2AC1}
	EndGlobalSection
EndGlobal
